
Microsoft Visual Studio Solution File, Format Version 12.00
# Visual Studio Version 17
VisualStudioVersion = 17.8.34309.116
MinimumVisualStudioVersion = 10.0.40219.1
Project("{FAE04EC0-301F-11D3-BF4B-00C04F79EFBC}") = "N112", "N112\N112.csproj", "{7ECBD455-13FE-42F0-B78A-18EB797581B2}"
EndProject
Global
	GlobalSection(SolutionConfigurationPlatforms) = preSolution
		Debug|Any CPU = Debug|Any CPU
		Release|Any CPU = Release|Any CPU
	EndGlobalSection
	GlobalSection(ProjectConfigurationPlatforms) = postSolution
		{7ECBD455-13FE-42F0-B78A-18EB797581B2}.Debug|Any CPU.ActiveCfg = Debug|Any CPU
		{7ECBD455-13FE-42F0-B78A-18EB797581B2}.Debug|Any CPU.Build.0 = Debug|Any CPU
		{7ECBD455-13FE-42F0-B78A-18EB797581B2}.Release|Any CPU.ActiveCfg = Release|Any CPU
		{7ECBD455-13FE-42F0-B78A-18EB797581B2}.Release|Any CPU.Build.0 = Release|Any CPU
	EndGlobalSection
	GlobalSection(SolutionProperties) = preSolution
		HideSolutionNode = FALSE
	EndGlobalSection
	GlobalSection(ExtensibilityGlobals) = postSolution
		SolutionGuid = {46E8AD0E-736B-47C0-A276-0BB2C9CA9C38}
	EndGlobalSection
EndGlobal
