
Microsoft Visual Studio Solution File, Format Version 12.00
# Visual Studio Version 17
VisualStudioVersion = 17.8.34309.116
MinimumVisualStudioVersion = 10.0.40219.1
Project("{FAE04EC0-301F-11D3-BF4B-00C04F79EFBC}") = "N112", "N112\N112.csproj", "{7ECBD455-13FE-42F0-B78A-18EB797581B2}"
EndProject
Project("{FAE04EC0-301F-11D3-BF4B-00C04F79EFBC}") = "N125", "N125\N125.csproj", "{EEA65D15-47EB-40EA-A6CE-73CBD2F1C02C}"
EndProject
Project("{FAE04EC0-301F-11D3-BF4B-00C04F79EFBC}") = "N140", "N140\N140.csproj", "{1D952DD9-1DDD-48AA-BE7B-9A53188BF936}"
EndProject
Project("{FAE04EC0-301F-11D3-BF4B-00C04F79EFBC}") = "N150", "N150\N150.csproj", "{2B30C08C-9DA6-45A8-B213-92987DB68F20}"
EndProject
Global
	GlobalSection(SolutionConfigurationPlatforms) = preSolution
		Debug|Any CPU = Debug|Any CPU
		Release|Any CPU = Release|Any CPU
	EndGlobalSection
	GlobalSection(ProjectConfigurationPlatforms) = postSolution
		{7ECBD455-13FE-42F0-B78A-18EB797581B2}.Debug|Any CPU.ActiveCfg = Debug|Any CPU
		{7ECBD455-13FE-42F0-B78A-18EB797581B2}.Debug|Any CPU.Build.0 = Debug|Any CPU
		{7ECBD455-13FE-42F0-B78A-18EB797581B2}.Release|Any CPU.ActiveCfg = Release|Any CPU
		{7ECBD455-13FE-42F0-B78A-18EB797581B2}.Release|Any CPU.Build.0 = Release|Any CPU
		{EEA65D15-47EB-40EA-A6CE-73CBD2F1C02C}.Debug|Any CPU.ActiveCfg = Debug|Any CPU
		{EEA65D15-47EB-40EA-A6CE-73CBD2F1C02C}.Debug|Any CPU.Build.0 = Debug|Any CPU
		{EEA65D15-47EB-40EA-A6CE-73CBD2F1C02C}.Release|Any CPU.ActiveCfg = Release|Any CPU
		{EEA65D15-47EB-40EA-A6CE-73CBD2F1C02C}.Release|Any CPU.Build.0 = Release|Any CPU
		{1D952DD9-1DDD-48AA-BE7B-9A53188BF936}.Debug|Any CPU.ActiveCfg = Debug|Any CPU
		{1D952DD9-1DDD-48AA-BE7B-9A53188BF936}.Debug|Any CPU.Build.0 = Debug|Any CPU
		{1D952DD9-1DDD-48AA-BE7B-9A53188BF936}.Release|Any CPU.ActiveCfg = Release|Any CPU
		{1D952DD9-1DDD-48AA-BE7B-9A53188BF936}.Release|Any CPU.Build.0 = Release|Any CPU
		{2B30C08C-9DA6-45A8-B213-92987DB68F20}.Debug|Any CPU.ActiveCfg = Debug|Any CPU
		{2B30C08C-9DA6-45A8-B213-92987DB68F20}.Debug|Any CPU.Build.0 = Debug|Any CPU
		{2B30C08C-9DA6-45A8-B213-92987DB68F20}.Release|Any CPU.ActiveCfg = Release|Any CPU
		{2B30C08C-9DA6-45A8-B213-92987DB68F20}.Release|Any CPU.Build.0 = Release|Any CPU
	EndGlobalSection
	GlobalSection(SolutionProperties) = preSolution
		HideSolutionNode = FALSE
	EndGlobalSection
	GlobalSection(ExtensibilityGlobals) = postSolution
		SolutionGuid = {46E8AD0E-736B-47C0-A276-0BB2C9CA9C38}
	EndGlobalSection
EndGlobal
